
Microsoft Visual Studio Solution File, Format Version 12.00
# Visual Studio Version 17
VisualStudioVersion = 17.0.31903.59
MinimumVisualStudioVersion = 10.0.40219.1
Project("{2150E333-8FDC-42A3-9474-1A3956D46DE8}") = "src", "src", "{827E0CD3-B72D-47B6-A68D-7590B98EB39B}"
EndProject
Project("{2150E333-8FDC-42A3-9474-1A3956D46DE8}") = "BuildingBlocks", "BuildingBlocks", "{90298CBA-BD6F-3A0A-69D5-97CAD7B05E7E}"
EndProject
Project("{FAE04EC0-301F-11D3-BF4B-00C04F79EFBC}") = "RowingClub.BuildingBlocks.Application", "src\BuildingBlocks\RowingClub.BuildingBlocks.Application\RowingClub.BuildingBlocks.Application.csproj", "{56931C44-DAD9-4BFE-AA3B-0EA80427DE5C}"
EndProject
Project("{FAE04EC0-301F-11D3-BF4B-00C04F79EFBC}") = "RowingClub.BuildingBlocks.Domain", "src\BuildingBlocks\RowingClub.BuildingBlocks.Domain\RowingClub.BuildingBlocks.Domain.csproj", "{CFDC1268-E3B9-46BF-991F-1A8E5840B584}"
EndProject
Project("{FAE04EC0-301F-11D3-BF4B-00C04F79EFBC}") = "RowingClub.BuildingBlocks.Infrastructure", "src\BuildingBlocks\RowingClub.BuildingBlocks.Infrastructure\RowingClub.BuildingBlocks.Infrastructure.csproj", "{1CD8F865-A56E-47A4-9FA8-2D46589B8BB0}"
EndProject
Project("{FAE04EC0-301F-11D3-BF4B-00C04F79EFBC}") = "RowingClub.BuildingBlocks.Observability", "src\BuildingBlocks\RowingClub.BuildingBlocks.Observability\RowingClub.BuildingBlocks.Observability.csproj", "{7286F77F-B791-4C3D-B2F0-15437E5F47E1}"
EndProject
Project("{FAE04EC0-301F-11D3-BF4B-00C04F79EFBC}") = "RowingClub.BuildingBlocks.Security", "src\BuildingBlocks\RowingClub.BuildingBlocks.Security\RowingClub.BuildingBlocks.Security.csproj", "{1F2AC9F0-65DD-4F8A-B50C-5127F1B402EE}"
EndProject
Project("{2150E333-8FDC-42A3-9474-1A3956D46DE8}") = "Modules", "Modules", "{EC447DCF-ABFA-6E24-52A5-D7FD48A5C558}"
EndProject
Project("{2150E333-8FDC-42A3-9474-1A3956D46DE8}") = "Clubs", "Clubs", "{AA49E554-91EA-658E-4EA9-C6E381805164}"
EndProject
Project("{FAE04EC0-301F-11D3-BF4B-00C04F79EFBC}") = "RowingClub.Clubs.Application", "src\Modules\Clubs\RowingClub.Clubs.Application\RowingClub.Clubs.Application.csproj", "{C464D3D8-9816-4DE3-9727-C83ABDEE2F49}"
EndProject
Project("{FAE04EC0-301F-11D3-BF4B-00C04F79EFBC}") = "RowingClub.Clubs.Contracts", "src\Modules\Clubs\RowingClub.Clubs.Contracts\RowingClub.Clubs.Contracts.csproj", "{EEDC2E7D-371A-436F-BC84-245BC8F04642}"
EndProject
Project("{FAE04EC0-301F-11D3-BF4B-00C04F79EFBC}") = "RowingClub.Clubs.Domain", "src\Modules\Clubs\RowingClub.Clubs.Domain\RowingClub.Clubs.Domain.csproj", "{81011C07-5191-4417-8A97-71F1EEA0906C}"
EndProject
Project("{FAE04EC0-301F-11D3-BF4B-00C04F79EFBC}") = "RowingClub.Clubs.Infrastructure", "src\Modules\Clubs\RowingClub.Clubs.Infrastructure\RowingClub.Clubs.Infrastructure.csproj", "{025982E3-27A7-4BEC-A8A0-3831F8FB10FE}"
EndProject
Project("{2150E333-8FDC-42A3-9474-1A3956D46DE8}") = "Identity", "Identity", "{0EC62A1A-9858-3A60-8A0C-FC9AACFA2EC7}"
EndProject
Project("{FAE04EC0-301F-11D3-BF4B-00C04F79EFBC}") = "RowingClub.Identity.Application", "src\Modules\Identity\RowingClub.Identity.Application\RowingClub.Identity.Application.csproj", "{BB2DD5E0-DE89-4486-8DA8-3B7D26965315}"
EndProject
Project("{FAE04EC0-301F-11D3-BF4B-00C04F79EFBC}") = "RowingClub.Identity.Contracts", "src\Modules\Identity\RowingClub.Identity.Contracts\RowingClub.Identity.Contracts.csproj", "{78D5F590-9F1D-4727-AADC-B7D67BE0A4A2}"
EndProject
Project("{FAE04EC0-301F-11D3-BF4B-00C04F79EFBC}") = "RowingClub.Identity.Domain", "src\Modules\Identity\RowingClub.Identity.Domain\RowingClub.Identity.Domain.csproj", "{BC8C3432-E96D-4F2F-94AA-877025F0CD9A}"
EndProject
Project("{FAE04EC0-301F-11D3-BF4B-00C04F79EFBC}") = "RowingClub.Identity.Infrastructure", "src\Modules\Identity\RowingClub.Identity.Infrastructure\RowingClub.Identity.Infrastructure.csproj", "{853A7D5D-4F13-4B10-BE9F-8A954E4C947F}"
EndProject
Project("{2150E333-8FDC-42A3-9474-1A3956D46DE8}") = "Memberships", "Memberships", "{3E232278-2C21-27AC-8432-AC8D784DE40B}"
EndProject
Project("{FAE04EC0-301F-11D3-BF4B-00C04F79EFBC}") = "RowingClub.Memberships.Application", "src\Modules\Memberships\RowingClub.Memberships.Application\RowingClub.Memberships.Application.csproj", "{38BAAF66-3F26-469D-B4DF-0033160BD4FC}"
EndProject
Project("{FAE04EC0-301F-11D3-BF4B-00C04F79EFBC}") = "RowingClub.Memberships.Contracts", "src\Modules\Memberships\RowingClub.Memberships.Contracts\RowingClub.Memberships.Contracts.csproj", "{3E90567C-31E0-4E3A-B819-F4CB74DAE9E0}"
EndProject
Project("{FAE04EC0-301F-11D3-BF4B-00C04F79EFBC}") = "RowingClub.Memberships.Domain", "src\Modules\Memberships\RowingClub.Memberships.Domain\RowingClub.Memberships.Domain.csproj", "{E0B8A711-2DBD-49BA-9883-0B5166ADB665}"
EndProject
Project("{FAE04EC0-301F-11D3-BF4B-00C04F79EFBC}") = "RowingClub.Memberships.Infrastructure", "src\Modules\Memberships\RowingClub.Memberships.Infrastructure\RowingClub.Memberships.Infrastructure.csproj", "{AE6F8B52-C393-4CF4-A9A4-9D7FC5F6F5F1}"
EndProject
Project("{2150E333-8FDC-42A3-9474-1A3956D46DE8}") = "Notifications", "Notifications", "{DE9DAF8A-E684-0FD3-FFDC-40D3E3158533}"
EndProject
Project("{FAE04EC0-301F-11D3-BF4B-00C04F79EFBC}") = "RowingClub.Notifications.Application", "src\Modules\Notifications\RowingClub.Notifications.Application\RowingClub.Notifications.Application.csproj", "{C42A2014-0123-4E6A-A25C-5D862D3A322F}"
EndProject
Project("{FAE04EC0-301F-11D3-BF4B-00C04F79EFBC}") = "RowingClub.Notifications.Contracts", "src\Modules\Notifications\RowingClub.Notifications.Contracts\RowingClub.Notifications.Contracts.csproj", "{1AB21A73-319A-4706-9F27-404577A45AD0}"
EndProject
Project("{FAE04EC0-301F-11D3-BF4B-00C04F79EFBC}") = "RowingClub.Notifications.Domain", "src\Modules\Notifications\RowingClub.Notifications.Domain\RowingClub.Notifications.Domain.csproj", "{65ADB02C-3A32-41FE-BA80-F9AE54FBC169}"
EndProject
Project("{FAE04EC0-301F-11D3-BF4B-00C04F79EFBC}") = "RowingClub.Notifications.Infrastructure", "src\Modules\Notifications\RowingClub.Notifications.Infrastructure\RowingClub.Notifications.Infrastructure.csproj", "{773B4B00-3FEF-4123-BADD-ACC4CD76ADBF}"
EndProject
Project("{2150E333-8FDC-42A3-9474-1A3956D46DE8}") = "Packages", "Packages", "{0E5A29DE-EE7A-B929-D5D8-F717C0208369}"
EndProject
Project("{FAE04EC0-301F-11D3-BF4B-00C04F79EFBC}") = "RowingClub.Packages.Application", "src\Modules\Packages\RowingClub.Packages.Application\RowingClub.Packages.Application.csproj", "{DE9D225B-F8A6-4D0C-830C-92300A3EB052}"
EndProject
Project("{FAE04EC0-301F-11D3-BF4B-00C04F79EFBC}") = "RowingClub.Packages.Contracts", "src\Modules\Packages\RowingClub.Packages.Contracts\RowingClub.Packages.Contracts.csproj", "{993B4258-2A22-4EED-A282-F796D8069700}"
EndProject
Project("{FAE04EC0-301F-11D3-BF4B-00C04F79EFBC}") = "RowingClub.Packages.Domain", "src\Modules\Packages\RowingClub.Packages.Domain\RowingClub.Packages.Domain.csproj", "{47DA9485-0C61-466B-A633-6EF231AFC869}"
EndProject
Project("{FAE04EC0-301F-11D3-BF4B-00C04F79EFBC}") = "RowingClub.Packages.Infrastructure", "src\Modules\Packages\RowingClub.Packages.Infrastructure\RowingClub.Packages.Infrastructure.csproj", "{C621B133-0C4A-477A-8342-D767211A4ABE}"
EndProject
Project("{2150E333-8FDC-42A3-9474-1A3956D46DE8}") = "Reporting", "Reporting", "{738763F7-68AC-12DE-A386-1ED9BDE12CF2}"
EndProject
Project("{FAE04EC0-301F-11D3-BF4B-00C04F79EFBC}") = "RowingClub.Reporting.Application", "src\Modules\Reporting\RowingClub.Reporting.Application\RowingClub.Reporting.Application.csproj", "{1ABF07AB-4852-42E0-A1C2-55FC4233A1C9}"
EndProject
Project("{FAE04EC0-301F-11D3-BF4B-00C04F79EFBC}") = "RowingClub.Reporting.Infrastructure", "src\Modules\Reporting\RowingClub.Reporting.Infrastructure\RowingClub.Reporting.Infrastructure.csproj", "{FE1D0318-B26F-4D9C-9457-0B1E65728C0A}"
EndProject
Project("{2150E333-8FDC-42A3-9474-1A3956D46DE8}") = "Scheduling", "Scheduling", "{F0F0C51C-F6A5-8ED5-E07B-23BB77F4B418}"
EndProject
Project("{FAE04EC0-301F-11D3-BF4B-00C04F79EFBC}") = "RowingClub.Scheduling.Application", "src\Modules\Scheduling\RowingClub.Scheduling.Application\RowingClub.Scheduling.Application.csproj", "{90215A11-10A4-4A77-9DC5-4E62A0B89D65}"
EndProject
Project("{FAE04EC0-301F-11D3-BF4B-00C04F79EFBC}") = "RowingClub.Scheduling.Contracts", "src\Modules\Scheduling\RowingClub.Scheduling.Contracts\RowingClub.Scheduling.Contracts.csproj", "{19BDE94E-075D-4177-A200-384426769F6B}"
EndProject
Project("{FAE04EC0-301F-11D3-BF4B-00C04F79EFBC}") = "RowingClub.Scheduling.Domain", "src\Modules\Scheduling\RowingClub.Scheduling.Domain\RowingClub.Scheduling.Domain.csproj", "{91991E0D-97BD-48FB-85F1-BCAE4F644344}"
EndProject
Project("{FAE04EC0-301F-11D3-BF4B-00C04F79EFBC}") = "RowingClub.Scheduling.Infrastructure", "src\Modules\Scheduling\RowingClub.Scheduling.Infrastructure\RowingClub.Scheduling.Infrastructure.csproj", "{99BB57AF-5F4E-465F-8B9E-F4D533B9C7B8}"
EndProject
Project("{FAE04EC0-301F-11D3-BF4B-00C04F79EFBC}") = "RowingClub.Api", "src\RowingClub.Api\RowingClub.Api.csproj", "{927A4646-AC60-4EFF-AA76-6E65384E50F3}"
EndProject
Project("{FAE04EC0-301F-11D3-BF4B-00C04F79EFBC}") = "RowingClub.Bootstrapper", "src\RowingClub.Bootstrapper\RowingClub.Bootstrapper.csproj", "{E492A802-92C7-4444-8553-E03E67210421}"
EndProject
Project("{2150E333-8FDC-42A3-9474-1A3956D46DE8}") = "tests", "tests", "{0AB3BF05-4346-4AA6-1389-037BE0695223}"
EndProject
Project("{FAE04EC0-301F-11D3-BF4B-00C04F79EFBC}") = "RowingClub.ArchitectureTests", "tests\RowingClub.ArchitectureTests\RowingClub.ArchitectureTests.csproj", "{C76B255B-AF6E-4619-89E1-73106232AAE3}"
EndProject
Project("{FAE04EC0-301F-11D3-BF4B-00C04F79EFBC}") = "RowingClub.FunctionalTests", "tests\RowingClub.FunctionalTests\RowingClub.FunctionalTests.csproj", "{71D2CCF3-9C92-482F-AB1A-8CCD7831C046}"
EndProject
Project("{FAE04EC0-301F-11D3-BF4B-00C04F79EFBC}") = "RowingClub.IntegrationTests", "tests\RowingClub.IntegrationTests\RowingClub.IntegrationTests.csproj", "{AF399FDE-BF21-4635-BA13-C855E7A6BE9D}"
EndProject
Project("{FAE04EC0-301F-11D3-BF4B-00C04F79EFBC}") = "RowingClub.SecurityTests", "tests\RowingClub.SecurityTests\RowingClub.SecurityTests.csproj", "{35328EE8-02D7-4FCF-9EFC-13ACF8D0C9E1}"
EndProject
Project("{FAE04EC0-301F-11D3-BF4B-00C04F79EFBC}") = "RowingClub.UnitTests", "tests\RowingClub.UnitTests\RowingClub.UnitTests.csproj", "{D2716A6D-2532-4A75-832E-E4D91397B74A}"
EndProject
Global
	GlobalSection(SolutionConfigurationPlatforms) = preSolution
		Debug|Any CPU = Debug|Any CPU
		Debug|x64 = Debug|x64
		Debug|x86 = Debug|x86
		Release|Any CPU = Release|Any CPU
		Release|x64 = Release|x64
		Release|x86 = Release|x86
	EndGlobalSection
	GlobalSection(ProjectConfigurationPlatforms) = postSolution
		{56931C44-DAD9-4BFE-AA3B-0EA80427DE5C}.Debug|Any CPU.ActiveCfg = Debug|Any CPU
		{56931C44-DAD9-4BFE-AA3B-0EA80427DE5C}.Debug|Any CPU.Build.0 = Debug|Any CPU
		{56931C44-DAD9-4BFE-AA3B-0EA80427DE5C}.Debug|x64.ActiveCfg = Debug|Any CPU
		{56931C44-DAD9-4BFE-AA3B-0EA80427DE5C}.Debug|x64.Build.0 = Debug|Any CPU
		{56931C44-DAD9-4BFE-AA3B-0EA80427DE5C}.Debug|x86.ActiveCfg = Debug|Any CPU
		{56931C44-DAD9-4BFE-AA3B-0EA80427DE5C}.Debug|x86.Build.0 = Debug|Any CPU
		{56931C44-DAD9-4BFE-AA3B-0EA80427DE5C}.Release|Any CPU.ActiveCfg = Release|Any CPU
		{56931C44-DAD9-4BFE-AA3B-0EA80427DE5C}.Release|Any CPU.Build.0 = Release|Any CPU
		{56931C44-DAD9-4BFE-AA3B-0EA80427DE5C}.Release|x64.ActiveCfg = Release|Any CPU
		{56931C44-DAD9-4BFE-AA3B-0EA80427DE5C}.Release|x64.Build.0 = Release|Any CPU
		{56931C44-DAD9-4BFE-AA3B-0EA80427DE5C}.Release|x86.ActiveCfg = Release|Any CPU
		{56931C44-DAD9-4BFE-AA3B-0EA80427DE5C}.Release|x86.Build.0 = Release|Any CPU
		{CFDC1268-E3B9-46BF-991F-1A8E5840B584}.Debug|Any CPU.ActiveCfg = Debug|Any CPU
		{CFDC1268-E3B9-46BF-991F-1A8E5840B584}.Debug|Any CPU.Build.0 = Debug|Any CPU
		{CFDC1268-E3B9-46BF-991F-1A8E5840B584}.Debug|x64.ActiveCfg = Debug|Any CPU
		{CFDC1268-E3B9-46BF-991F-1A8E5840B584}.Debug|x64.Build.0 = Debug|Any CPU
		{CFDC1268-E3B9-46BF-991F-1A8E5840B584}.Debug|x86.ActiveCfg = Debug|Any CPU
		{CFDC1268-E3B9-46BF-991F-1A8E5840B584}.Debug|x86.Build.0 = Debug|Any CPU
		{CFDC1268-E3B9-46BF-991F-1A8E5840B584}.Release|Any CPU.ActiveCfg = Release|Any CPU
		{CFDC1268-E3B9-46BF-991F-1A8E5840B584}.Release|Any CPU.Build.0 = Release|Any CPU
		{CFDC1268-E3B9-46BF-991F-1A8E5840B584}.Release|x64.ActiveCfg = Release|Any CPU
		{CFDC1268-E3B9-46BF-991F-1A8E5840B584}.Release|x64.Build.0 = Release|Any CPU
		{CFDC1268-E3B9-46BF-991F-1A8E5840B584}.Release|x86.ActiveCfg = Release|Any CPU
		{CFDC1268-E3B9-46BF-991F-1A8E5840B584}.Release|x86.Build.0 = Release|Any CPU
		{1CD8F865-A56E-47A4-9FA8-2D46589B8BB0}.Debug|Any CPU.ActiveCfg = Debug|Any CPU
		{1CD8F865-A56E-47A4-9FA8-2D46589B8BB0}.Debug|Any CPU.Build.0 = Debug|Any CPU
		{1CD8F865-A56E-47A4-9FA8-2D46589B8BB0}.Debug|x64.ActiveCfg = Debug|Any CPU
		{1CD8F865-A56E-47A4-9FA8-2D46589B8BB0}.Debug|x64.Build.0 = Debug|Any CPU
		{1CD8F865-A56E-47A4-9FA8-2D46589B8BB0}.Debug|x86.ActiveCfg = Debug|Any CPU
		{1CD8F865-A56E-47A4-9FA8-2D46589B8BB0}.Debug|x86.Build.0 = Debug|Any CPU
		{1CD8F865-A56E-47A4-9FA8-2D46589B8BB0}.Release|Any CPU.ActiveCfg = Release|Any CPU
		{1CD8F865-A56E-47A4-9FA8-2D46589B8BB0}.Release|Any CPU.Build.0 = Release|Any CPU
		{1CD8F865-A56E-47A4-9FA8-2D46589B8BB0}.Release|x64.ActiveCfg = Release|Any CPU
		{1CD8F865-A56E-47A4-9FA8-2D46589B8BB0}.Release|x64.Build.0 = Release|Any CPU
		{1CD8F865-A56E-47A4-9FA8-2D46589B8BB0}.Release|x86.ActiveCfg = Release|Any CPU
		{1CD8F865-A56E-47A4-9FA8-2D46589B8BB0}.Release|x86.Build.0 = Release|Any CPU
		{7286F77F-B791-4C3D-B2F0-15437E5F47E1}.Debug|Any CPU.ActiveCfg = Debug|Any CPU
		{7286F77F-B791-4C3D-B2F0-15437E5F47E1}.Debug|Any CPU.Build.0 = Debug|Any CPU
		{7286F77F-B791-4C3D-B2F0-15437E5F47E1}.Debug|x64.ActiveCfg = Debug|Any CPU
		{7286F77F-B791-4C3D-B2F0-15437E5F47E1}.Debug|x64.Build.0 = Debug|Any CPU
		{7286F77F-B791-4C3D-B2F0-15437E5F47E1}.Debug|x86.ActiveCfg = Debug|Any CPU
		{7286F77F-B791-4C3D-B2F0-15437E5F47E1}.Debug|x86.Build.0 = Debug|Any CPU
		{7286F77F-B791-4C3D-B2F0-15437E5F47E1}.Release|Any CPU.ActiveCfg = Release|Any CPU
		{7286F77F-B791-4C3D-B2F0-15437E5F47E1}.Release|Any CPU.Build.0 = Release|Any CPU
		{7286F77F-B791-4C3D-B2F0-15437E5F47E1}.Release|x64.ActiveCfg = Release|Any CPU
		{7286F77F-B791-4C3D-B2F0-15437E5F47E1}.Release|x64.Build.0 = Release|Any CPU
		{7286F77F-B791-4C3D-B2F0-15437E5F47E1}.Release|x86.ActiveCfg = Release|Any CPU
		{7286F77F-B791-4C3D-B2F0-15437E5F47E1}.Release|x86.Build.0 = Release|Any CPU
		{1F2AC9F0-65DD-4F8A-B50C-5127F1B402EE}.Debug|Any CPU.ActiveCfg = Debug|Any CPU
		{1F2AC9F0-65DD-4F8A-B50C-5127F1B402EE}.Debug|Any CPU.Build.0 = Debug|Any CPU
		{1F2AC9F0-65DD-4F8A-B50C-5127F1B402EE}.Debug|x64.ActiveCfg = Debug|Any CPU
		{1F2AC9F0-65DD-4F8A-B50C-5127F1B402EE}.Debug|x64.Build.0 = Debug|Any CPU
		{1F2AC9F0-65DD-4F8A-B50C-5127F1B402EE}.Debug|x86.ActiveCfg = Debug|Any CPU
		{1F2AC9F0-65DD-4F8A-B50C-5127F1B402EE}.Debug|x86.Build.0 = Debug|Any CPU
		{1F2AC9F0-65DD-4F8A-B50C-5127F1B402EE}.Release|Any CPU.ActiveCfg = Release|Any CPU
		{1F2AC9F0-65DD-4F8A-B50C-5127F1B402EE}.Release|Any CPU.Build.0 = Release|Any CPU
		{1F2AC9F0-65DD-4F8A-B50C-5127F1B402EE}.Release|x64.ActiveCfg = Release|Any CPU
		{1F2AC9F0-65DD-4F8A-B50C-5127F1B402EE}.Release|x64.Build.0 = Release|Any CPU
		{1F2AC9F0-65DD-4F8A-B50C-5127F1B402EE}.Release|x86.ActiveCfg = Release|Any CPU
		{1F2AC9F0-65DD-4F8A-B50C-5127F1B402EE}.Release|x86.Build.0 = Release|Any CPU
		{C464D3D8-9816-4DE3-9727-C83ABDEE2F49}.Debug|Any CPU.ActiveCfg = Debug|Any CPU
		{C464D3D8-9816-4DE3-9727-C83ABDEE2F49}.Debug|Any CPU.Build.0 = Debug|Any CPU
		{C464D3D8-9816-4DE3-9727-C83ABDEE2F49}.Debug|x64.ActiveCfg = Debug|Any CPU
		{C464D3D8-9816-4DE3-9727-C83ABDEE2F49}.Debug|x64.Build.0 = Debug|Any CPU
		{C464D3D8-9816-4DE3-9727-C83ABDEE2F49}.Debug|x86.ActiveCfg = Debug|Any CPU
		{C464D3D8-9816-4DE3-9727-C83ABDEE2F49}.Debug|x86.Build.0 = Debug|Any CPU
		{C464D3D8-9816-4DE3-9727-C83ABDEE2F49}.Release|Any CPU.ActiveCfg = Release|Any CPU
		{C464D3D8-9816-4DE3-9727-C83ABDEE2F49}.Release|Any CPU.Build.0 = Release|Any CPU
		{C464D3D8-9816-4DE3-9727-C83ABDEE2F49}.Release|x64.ActiveCfg = Release|Any CPU
		{C464D3D8-9816-4DE3-9727-C83ABDEE2F49}.Release|x64.Build.0 = Release|Any CPU
		{C464D3D8-9816-4DE3-9727-C83ABDEE2F49}.Release|x86.ActiveCfg = Release|Any CPU
		{C464D3D8-9816-4DE3-9727-C83ABDEE2F49}.Release|x86.Build.0 = Release|Any CPU
		{EEDC2E7D-371A-436F-BC84-245BC8F04642}.Debug|Any CPU.ActiveCfg = Debug|Any CPU
		{EEDC2E7D-371A-436F-BC84-245BC8F04642}.Debug|Any CPU.Build.0 = Debug|Any CPU
		{EEDC2E7D-371A-436F-BC84-245BC8F04642}.Debug|x64.ActiveCfg = Debug|Any CPU
		{EEDC2E7D-371A-436F-BC84-245BC8F04642}.Debug|x64.Build.0 = Debug|Any CPU
		{EEDC2E7D-371A-436F-BC84-245BC8F04642}.Debug|x86.ActiveCfg = Debug|Any CPU
		{EEDC2E7D-371A-436F-BC84-245BC8F04642}.Debug|x86.Build.0 = Debug|Any CPU
		{EEDC2E7D-371A-436F-BC84-245BC8F04642}.Release|Any CPU.ActiveCfg = Release|Any CPU
		{EEDC2E7D-371A-436F-BC84-245BC8F04642}.Release|Any CPU.Build.0 = Release|Any CPU
		{EEDC2E7D-371A-436F-BC84-245BC8F04642}.Release|x64.ActiveCfg = Release|Any CPU
		{EEDC2E7D-371A-436F-BC84-245BC8F04642}.Release|x64.Build.0 = Release|Any CPU
		{EEDC2E7D-371A-436F-BC84-245BC8F04642}.Release|x86.ActiveCfg = Release|Any CPU
		{EEDC2E7D-371A-436F-BC84-245BC8F04642}.Release|x86.Build.0 = Release|Any CPU
		{81011C07-5191-4417-8A97-71F1EEA0906C}.Debug|Any CPU.ActiveCfg = Debug|Any CPU
		{81011C07-5191-4417-8A97-71F1EEA0906C}.Debug|Any CPU.Build.0 = Debug|Any CPU
		{81011C07-5191-4417-8A97-71F1EEA0906C}.Debug|x64.ActiveCfg = Debug|Any CPU
		{81011C07-5191-4417-8A97-71F1EEA0906C}.Debug|x64.Build.0 = Debug|Any CPU
		{81011C07-5191-4417-8A97-71F1EEA0906C}.Debug|x86.ActiveCfg = Debug|Any CPU
		{81011C07-5191-4417-8A97-71F1EEA0906C}.Debug|x86.Build.0 = Debug|Any CPU
		{81011C07-5191-4417-8A97-71F1EEA0906C}.Release|Any CPU.ActiveCfg = Release|Any CPU
		{81011C07-5191-4417-8A97-71F1EEA0906C}.Release|Any CPU.Build.0 = Release|Any CPU
		{81011C07-5191-4417-8A97-71F1EEA0906C}.Release|x64.ActiveCfg = Release|Any CPU
		{81011C07-5191-4417-8A97-71F1EEA0906C}.Release|x64.Build.0 = Release|Any CPU
		{81011C07-5191-4417-8A97-71F1EEA0906C}.Release|x86.ActiveCfg = Release|Any CPU
		{81011C07-5191-4417-8A97-71F1EEA0906C}.Release|x86.Build.0 = Release|Any CPU
		{025982E3-27A7-4BEC-A8A0-3831F8FB10FE}.Debug|Any CPU.ActiveCfg = Debug|Any CPU
		{025982E3-27A7-4BEC-A8A0-3831F8FB10FE}.Debug|Any CPU.Build.0 = Debug|Any CPU
		{025982E3-27A7-4BEC-A8A0-3831F8FB10FE}.Debug|x64.ActiveCfg = Debug|Any CPU
		{025982E3-27A7-4BEC-A8A0-3831F8FB10FE}.Debug|x64.Build.0 = Debug|Any CPU
		{025982E3-27A7-4BEC-A8A0-3831F8FB10FE}.Debug|x86.ActiveCfg = Debug|Any CPU
		{025982E3-27A7-4BEC-A8A0-3831F8FB10FE}.Debug|x86.Build.0 = Debug|Any CPU
		{025982E3-27A7-4BEC-A8A0-3831F8FB10FE}.Release|Any CPU.ActiveCfg = Release|Any CPU
		{025982E3-27A7-4BEC-A8A0-3831F8FB10FE}.Release|Any CPU.Build.0 = Release|Any CPU
		{025982E3-27A7-4BEC-A8A0-3831F8FB10FE}.Release|x64.ActiveCfg = Release|Any CPU
		{025982E3-27A7-4BEC-A8A0-3831F8FB10FE}.Release|x64.Build.0 = Release|Any CPU
		{025982E3-27A7-4BEC-A8A0-3831F8FB10FE}.Release|x86.ActiveCfg = Release|Any CPU
		{025982E3-27A7-4BEC-A8A0-3831F8FB10FE}.Release|x86.Build.0 = Release|Any CPU
		{BB2DD5E0-DE89-4486-8DA8-3B7D26965315}.Debug|Any CPU.ActiveCfg = Debug|Any CPU
		{BB2DD5E0-DE89-4486-8DA8-3B7D26965315}.Debug|Any CPU.Build.0 = Debug|Any CPU
		{BB2DD5E0-DE89-4486-8DA8-3B7D26965315}.Debug|x64.ActiveCfg = Debug|Any CPU
		{BB2DD5E0-DE89-4486-8DA8-3B7D26965315}.Debug|x64.Build.0 = Debug|Any CPU
		{BB2DD5E0-DE89-4486-8DA8-3B7D26965315}.Debug|x86.ActiveCfg = Debug|Any CPU
		{BB2DD5E0-DE89-4486-8DA8-3B7D26965315}.Debug|x86.Build.0 = Debug|Any CPU
		{BB2DD5E0-DE89-4486-8DA8-3B7D26965315}.Release|Any CPU.ActiveCfg = Release|Any CPU
		{BB2DD5E0-DE89-4486-8DA8-3B7D26965315}.Release|Any CPU.Build.0 = Release|Any CPU
		{BB2DD5E0-DE89-4486-8DA8-3B7D26965315}.Release|x64.ActiveCfg = Release|Any CPU
		{BB2DD5E0-DE89-4486-8DA8-3B7D26965315}.Release|x64.Build.0 = Release|Any CPU
		{BB2DD5E0-DE89-4486-8DA8-3B7D26965315}.Release|x86.ActiveCfg = Release|Any CPU
		{BB2DD5E0-DE89-4486-8DA8-3B7D26965315}.Release|x86.Build.0 = Release|Any CPU
		{78D5F590-9F1D-4727-AADC-B7D67BE0A4A2}.Debug|Any CPU.ActiveCfg = Debug|Any CPU
		{78D5F590-9F1D-4727-AADC-B7D67BE0A4A2}.Debug|Any CPU.Build.0 = Debug|Any CPU
		{78D5F590-9F1D-4727-AADC-B7D67BE0A4A2}.Debug|x64.ActiveCfg = Debug|Any CPU
		{78D5F590-9F1D-4727-AADC-B7D67BE0A4A2}.Debug|x64.Build.0 = Debug|Any CPU
		{78D5F590-9F1D-4727-AADC-B7D67BE0A4A2}.Debug|x86.ActiveCfg = Debug|Any CPU
		{78D5F590-9F1D-4727-AADC-B7D67BE0A4A2}.Debug|x86.Build.0 = Debug|Any CPU
		{78D5F590-9F1D-4727-AADC-B7D67BE0A4A2}.Release|Any CPU.ActiveCfg = Release|Any CPU
		{78D5F590-9F1D-4727-AADC-B7D67BE0A4A2}.Release|Any CPU.Build.0 = Release|Any CPU
		{78D5F590-9F1D-4727-AADC-B7D67BE0A4A2}.Release|x64.ActiveCfg = Release|Any CPU
		{78D5F590-9F1D-4727-AADC-B7D67BE0A4A2}.Release|x64.Build.0 = Release|Any CPU
		{78D5F590-9F1D-4727-AADC-B7D67BE0A4A2}.Release|x86.ActiveCfg = Release|Any CPU
		{78D5F590-9F1D-4727-AADC-B7D67BE0A4A2}.Release|x86.Build.0 = Release|Any CPU
		{BC8C3432-E96D-4F2F-94AA-877025F0CD9A}.Debug|Any CPU.ActiveCfg = Debug|Any CPU
		{BC8C3432-E96D-4F2F-94AA-877025F0CD9A}.Debug|Any CPU.Build.0 = Debug|Any CPU
		{BC8C3432-E96D-4F2F-94AA-877025F0CD9A}.Debug|x64.ActiveCfg = Debug|Any CPU
		{BC8C3432-E96D-4F2F-94AA-877025F0CD9A}.Debug|x64.Build.0 = Debug|Any CPU
		{BC8C3432-E96D-4F2F-94AA-877025F0CD9A}.Debug|x86.ActiveCfg = Debug|Any CPU
		{BC8C3432-E96D-4F2F-94AA-877025F0CD9A}.Debug|x86.Build.0 = Debug|Any CPU
		{BC8C3432-E96D-4F2F-94AA-877025F0CD9A}.Release|Any CPU.ActiveCfg = Release|Any CPU
		{BC8C3432-E96D-4F2F-94AA-877025F0CD9A}.Release|Any CPU.Build.0 = Release|Any CPU
		{BC8C3432-E96D-4F2F-94AA-877025F0CD9A}.Release|x64.ActiveCfg = Release|Any CPU
		{BC8C3432-E96D-4F2F-94AA-877025F0CD9A}.Release|x64.Build.0 = Release|Any CPU
		{BC8C3432-E96D-4F2F-94AA-877025F0CD9A}.Release|x86.ActiveCfg = Release|Any CPU
		{BC8C3432-E96D-4F2F-94AA-877025F0CD9A}.Release|x86.Build.0 = Release|Any CPU
		{853A7D5D-4F13-4B10-BE9F-8A954E4C947F}.Debug|Any CPU.ActiveCfg = Debug|Any CPU
		{853A7D5D-4F13-4B10-BE9F-8A954E4C947F}.Debug|Any CPU.Build.0 = Debug|Any CPU
		{853A7D5D-4F13-4B10-BE9F-8A954E4C947F}.Debug|x64.ActiveCfg = Debug|Any CPU
		{853A7D5D-4F13-4B10-BE9F-8A954E4C947F}.Debug|x64.Build.0 = Debug|Any CPU
		{853A7D5D-4F13-4B10-BE9F-8A954E4C947F}.Debug|x86.ActiveCfg = Debug|Any CPU
		{853A7D5D-4F13-4B10-BE9F-8A954E4C947F}.Debug|x86.Build.0 = Debug|Any CPU
		{853A7D5D-4F13-4B10-BE9F-8A954E4C947F}.Release|Any CPU.ActiveCfg = Release|Any CPU
		{853A7D5D-4F13-4B10-BE9F-8A954E4C947F}.Release|Any CPU.Build.0 = Release|Any CPU
		{853A7D5D-4F13-4B10-BE9F-8A954E4C947F}.Release|x64.ActiveCfg = Release|Any CPU
		{853A7D5D-4F13-4B10-BE9F-8A954E4C947F}.Release|x64.Build.0 = Release|Any CPU
		{853A7D5D-4F13-4B10-BE9F-8A954E4C947F}.Release|x86.ActiveCfg = Release|Any CPU
		{853A7D5D-4F13-4B10-BE9F-8A954E4C947F}.Release|x86.Build.0 = Release|Any CPU
		{38BAAF66-3F26-469D-B4DF-0033160BD4FC}.Debug|Any CPU.ActiveCfg = Debug|Any CPU
		{38BAAF66-3F26-469D-B4DF-0033160BD4FC}.Debug|Any CPU.Build.0 = Debug|Any CPU
		{38BAAF66-3F26-469D-B4DF-0033160BD4FC}.Debug|x64.ActiveCfg = Debug|Any CPU
		{38BAAF66-3F26-469D-B4DF-0033160BD4FC}.Debug|x64.Build.0 = Debug|Any CPU
		{38BAAF66-3F26-469D-B4DF-0033160BD4FC}.Debug|x86.ActiveCfg = Debug|Any CPU
		{38BAAF66-3F26-469D-B4DF-0033160BD4FC}.Debug|x86.Build.0 = Debug|Any CPU
		{38BAAF66-3F26-469D-B4DF-0033160BD4FC}.Release|Any CPU.ActiveCfg = Release|Any CPU
		{38BAAF66-3F26-469D-B4DF-0033160BD4FC}.Release|Any CPU.Build.0 = Release|Any CPU
		{38BAAF66-3F26-469D-B4DF-0033160BD4FC}.Release|x64.ActiveCfg = Release|Any CPU
		{38BAAF66-3F26-469D-B4DF-0033160BD4FC}.Release|x64.Build.0 = Release|Any CPU
		{38BAAF66-3F26-469D-B4DF-0033160BD4FC}.Release|x86.ActiveCfg = Release|Any CPU
		{38BAAF66-3F26-469D-B4DF-0033160BD4FC}.Release|x86.Build.0 = Release|Any CPU
		{3E90567C-31E0-4E3A-B819-F4CB74DAE9E0}.Debug|Any CPU.ActiveCfg = Debug|Any CPU
		{3E90567C-31E0-4E3A-B819-F4CB74DAE9E0}.Debug|Any CPU.Build.0 = Debug|Any CPU
		{3E90567C-31E0-4E3A-B819-F4CB74DAE9E0}.Debug|x64.ActiveCfg = Debug|Any CPU
		{3E90567C-31E0-4E3A-B819-F4CB74DAE9E0}.Debug|x64.Build.0 = Debug|Any CPU
		{3E90567C-31E0-4E3A-B819-F4CB74DAE9E0}.Debug|x86.ActiveCfg = Debug|Any CPU
		{3E90567C-31E0-4E3A-B819-F4CB74DAE9E0}.Debug|x86.Build.0 = Debug|Any CPU
		{3E90567C-31E0-4E3A-B819-F4CB74DAE9E0}.Release|Any CPU.ActiveCfg = Release|Any CPU
		{3E90567C-31E0-4E3A-B819-F4CB74DAE9E0}.Release|Any CPU.Build.0 = Release|Any CPU
		{3E90567C-31E0-4E3A-B819-F4CB74DAE9E0}.Release|x64.ActiveCfg = Release|Any CPU
		{3E90567C-31E0-4E3A-B819-F4CB74DAE9E0}.Release|x64.Build.0 = Release|Any CPU
		{3E90567C-31E0-4E3A-B819-F4CB74DAE9E0}.Release|x86.ActiveCfg = Release|Any CPU
		{3E90567C-31E0-4E3A-B819-F4CB74DAE9E0}.Release|x86.Build.0 = Release|Any CPU
		{E0B8A711-2DBD-49BA-9883-0B5166ADB665}.Debug|Any CPU.ActiveCfg = Debug|Any CPU
		{E0B8A711-2DBD-49BA-9883-0B5166ADB665}.Debug|Any CPU.Build.0 = Debug|Any CPU
		{E0B8A711-2DBD-49BA-9883-0B5166ADB665}.Debug|x64.ActiveCfg = Debug|Any CPU
		{E0B8A711-2DBD-49BA-9883-0B5166ADB665}.Debug|x64.Build.0 = Debug|Any CPU
		{E0B8A711-2DBD-49BA-9883-0B5166ADB665}.Debug|x86.ActiveCfg = Debug|Any CPU
		{E0B8A711-2DBD-49BA-9883-0B5166ADB665}.Debug|x86.Build.0 = Debug|Any CPU
		{E0B8A711-2DBD-49BA-9883-0B5166ADB665}.Release|Any CPU.ActiveCfg = Release|Any CPU
		{E0B8A711-2DBD-49BA-9883-0B5166ADB665}.Release|Any CPU.Build.0 = Release|Any CPU
		{E0B8A711-2DBD-49BA-9883-0B5166ADB665}.Release|x64.ActiveCfg = Release|Any CPU
		{E0B8A711-2DBD-49BA-9883-0B5166ADB665}.Release|x64.Build.0 = Release|Any CPU
		{E0B8A711-2DBD-49BA-9883-0B5166ADB665}.Release|x86.ActiveCfg = Release|Any CPU
		{E0B8A711-2DBD-49BA-9883-0B5166ADB665}.Release|x86.Build.0 = Release|Any CPU
		{AE6F8B52-C393-4CF4-A9A4-9D7FC5F6F5F1}.Debug|Any CPU.ActiveCfg = Debug|Any CPU
		{AE6F8B52-C393-4CF4-A9A4-9D7FC5F6F5F1}.Debug|Any CPU.Build.0 = Debug|Any CPU
		{AE6F8B52-C393-4CF4-A9A4-9D7FC5F6F5F1}.Debug|x64.ActiveCfg = Debug|Any CPU
		{AE6F8B52-C393-4CF4-A9A4-9D7FC5F6F5F1}.Debug|x64.Build.0 = Debug|Any CPU
		{AE6F8B52-C393-4CF4-A9A4-9D7FC5F6F5F1}.Debug|x86.ActiveCfg = Debug|Any CPU
		{AE6F8B52-C393-4CF4-A9A4-9D7FC5F6F5F1}.Debug|x86.Build.0 = Debug|Any CPU
		{AE6F8B52-C393-4CF4-A9A4-9D7FC5F6F5F1}.Release|Any CPU.ActiveCfg = Release|Any CPU
		{AE6F8B52-C393-4CF4-A9A4-9D7FC5F6F5F1}.Release|Any CPU.Build.0 = Release|Any CPU
		{AE6F8B52-C393-4CF4-A9A4-9D7FC5F6F5F1}.Release|x64.ActiveCfg = Release|Any CPU
		{AE6F8B52-C393-4CF4-A9A4-9D7FC5F6F5F1}.Release|x64.Build.0 = Release|Any CPU
		{AE6F8B52-C393-4CF4-A9A4-9D7FC5F6F5F1}.Release|x86.ActiveCfg = Release|Any CPU
		{AE6F8B52-C393-4CF4-A9A4-9D7FC5F6F5F1}.Release|x86.Build.0 = Release|Any CPU
		{C42A2014-0123-4E6A-A25C-5D862D3A322F}.Debug|Any CPU.ActiveCfg = Debug|Any CPU
		{C42A2014-0123-4E6A-A25C-5D862D3A322F}.Debug|Any CPU.Build.0 = Debug|Any CPU
		{C42A2014-0123-4E6A-A25C-5D862D3A322F}.Debug|x64.ActiveCfg = Debug|Any CPU
		{C42A2014-0123-4E6A-A25C-5D862D3A322F}.Debug|x64.Build.0 = Debug|Any CPU
		{C42A2014-0123-4E6A-A25C-5D862D3A322F}.Debug|x86.ActiveCfg = Debug|Any CPU
		{C42A2014-0123-4E6A-A25C-5D862D3A322F}.Debug|x86.Build.0 = Debug|Any CPU
		{C42A2014-0123-4E6A-A25C-5D862D3A322F}.Release|Any CPU.ActiveCfg = Release|Any CPU
		{C42A2014-0123-4E6A-A25C-5D862D3A322F}.Release|Any CPU.Build.0 = Release|Any CPU
		{C42A2014-0123-4E6A-A25C-5D862D3A322F}.Release|x64.ActiveCfg = Release|Any CPU
		{C42A2014-0123-4E6A-A25C-5D862D3A322F}.Release|x64.Build.0 = Release|Any CPU
		{C42A2014-0123-4E6A-A25C-5D862D3A322F}.Release|x86.ActiveCfg = Release|Any CPU
		{C42A2014-0123-4E6A-A25C-5D862D3A322F}.Release|x86.Build.0 = Release|Any CPU
		{1AB21A73-319A-4706-9F27-404577A45AD0}.Debug|Any CPU.ActiveCfg = Debug|Any CPU
		{1AB21A73-319A-4706-9F27-404577A45AD0}.Debug|Any CPU.Build.0 = Debug|Any CPU
		{1AB21A73-319A-4706-9F27-404577A45AD0}.Debug|x64.ActiveCfg = Debug|Any CPU
		{1AB21A73-319A-4706-9F27-404577A45AD0}.Debug|x64.Build.0 = Debug|Any CPU
		{1AB21A73-319A-4706-9F27-404577A45AD0}.Debug|x86.ActiveCfg = Debug|Any CPU
		{1AB21A73-319A-4706-9F27-404577A45AD0}.Debug|x86.Build.0 = Debug|Any CPU
		{1AB21A73-319A-4706-9F27-404577A45AD0}.Release|Any CPU.ActiveCfg = Release|Any CPU
		{1AB21A73-319A-4706-9F27-404577A45AD0}.Release|Any CPU.Build.0 = Release|Any CPU
		{1AB21A73-319A-4706-9F27-404577A45AD0}.Release|x64.ActiveCfg = Release|Any CPU
		{1AB21A73-319A-4706-9F27-404577A45AD0}.Release|x64.Build.0 = Release|Any CPU
		{1AB21A73-319A-4706-9F27-404577A45AD0}.Release|x86.ActiveCfg = Release|Any CPU
		{1AB21A73-319A-4706-9F27-404577A45AD0}.Release|x86.Build.0 = Release|Any CPU
		{65ADB02C-3A32-41FE-BA80-F9AE54FBC169}.Debug|Any CPU.ActiveCfg = Debug|Any CPU
		{65ADB02C-3A32-41FE-BA80-F9AE54FBC169}.Debug|Any CPU.Build.0 = Debug|Any CPU
		{65ADB02C-3A32-41FE-BA80-F9AE54FBC169}.Debug|x64.ActiveCfg = Debug|Any CPU
		{65ADB02C-3A32-41FE-BA80-F9AE54FBC169}.Debug|x64.Build.0 = Debug|Any CPU
		{65ADB02C-3A32-41FE-BA80-F9AE54FBC169}.Debug|x86.ActiveCfg = Debug|Any CPU
		{65ADB02C-3A32-41FE-BA80-F9AE54FBC169}.Debug|x86.Build.0 = Debug|Any CPU
		{65ADB02C-3A32-41FE-BA80-F9AE54FBC169}.Release|Any CPU.ActiveCfg = Release|Any CPU
		{65ADB02C-3A32-41FE-BA80-F9AE54FBC169}.Release|Any CPU.Build.0 = Release|Any CPU
		{65ADB02C-3A32-41FE-BA80-F9AE54FBC169}.Release|x64.ActiveCfg = Release|Any CPU
		{65ADB02C-3A32-41FE-BA80-F9AE54FBC169}.Release|x64.Build.0 = Release|Any CPU
		{65ADB02C-3A32-41FE-BA80-F9AE54FBC169}.Release|x86.ActiveCfg = Release|Any CPU
		{65ADB02C-3A32-41FE-BA80-F9AE54FBC169}.Release|x86.Build.0 = Release|Any CPU
		{773B4B00-3FEF-4123-BADD-ACC4CD76ADBF}.Debug|Any CPU.ActiveCfg = Debug|Any CPU
		{773B4B00-3FEF-4123-BADD-ACC4CD76ADBF}.Debug|Any CPU.Build.0 = Debug|Any CPU
		{773B4B00-3FEF-4123-BADD-ACC4CD76ADBF}.Debug|x64.ActiveCfg = Debug|Any CPU
		{773B4B00-3FEF-4123-BADD-ACC4CD76ADBF}.Debug|x64.Build.0 = Debug|Any CPU
		{773B4B00-3FEF-4123-BADD-ACC4CD76ADBF}.Debug|x86.ActiveCfg = Debug|Any CPU
		{773B4B00-3FEF-4123-BADD-ACC4CD76ADBF}.Debug|x86.Build.0 = Debug|Any CPU
		{773B4B00-3FEF-4123-BADD-ACC4CD76ADBF}.Release|Any CPU.ActiveCfg = Release|Any CPU
		{773B4B00-3FEF-4123-BADD-ACC4CD76ADBF}.Release|Any CPU.Build.0 = Release|Any CPU
		{773B4B00-3FEF-4123-BADD-ACC4CD76ADBF}.Release|x64.ActiveCfg = Release|Any CPU
		{773B4B00-3FEF-4123-BADD-ACC4CD76ADBF}.Release|x64.Build.0 = Release|Any CPU
		{773B4B00-3FEF-4123-BADD-ACC4CD76ADBF}.Release|x86.ActiveCfg = Release|Any CPU
		{773B4B00-3FEF-4123-BADD-ACC4CD76ADBF}.Release|x86.Build.0 = Release|Any CPU
		{DE9D225B-F8A6-4D0C-830C-92300A3EB052}.Debug|Any CPU.ActiveCfg = Debug|Any CPU
		{DE9D225B-F8A6-4D0C-830C-92300A3EB052}.Debug|Any CPU.Build.0 = Debug|Any CPU
		{DE9D225B-F8A6-4D0C-830C-92300A3EB052}.Debug|x64.ActiveCfg = Debug|Any CPU
		{DE9D225B-F8A6-4D0C-830C-92300A3EB052}.Debug|x64.Build.0 = Debug|Any CPU
		{DE9D225B-F8A6-4D0C-830C-92300A3EB052}.Debug|x86.ActiveCfg = Debug|Any CPU
		{DE9D225B-F8A6-4D0C-830C-92300A3EB052}.Debug|x86.Build.0 = Debug|Any CPU
		{DE9D225B-F8A6-4D0C-830C-92300A3EB052}.Release|Any CPU.ActiveCfg = Release|Any CPU
		{DE9D225B-F8A6-4D0C-830C-92300A3EB052}.Release|Any CPU.Build.0 = Release|Any CPU
		{DE9D225B-F8A6-4D0C-830C-92300A3EB052}.Release|x64.ActiveCfg = Release|Any CPU
		{DE9D225B-F8A6-4D0C-830C-92300A3EB052}.Release|x64.Build.0 = Release|Any CPU
		{DE9D225B-F8A6-4D0C-830C-92300A3EB052}.Release|x86.ActiveCfg = Release|Any CPU
		{DE9D225B-F8A6-4D0C-830C-92300A3EB052}.Release|x86.Build.0 = Release|Any CPU
		{993B4258-2A22-4EED-A282-F796D8069700}.Debug|Any CPU.ActiveCfg = Debug|Any CPU
		{993B4258-2A22-4EED-A282-F796D8069700}.Debug|Any CPU.Build.0 = Debug|Any CPU
		{993B4258-2A22-4EED-A282-F796D8069700}.Debug|x64.ActiveCfg = Debug|Any CPU
		{993B4258-2A22-4EED-A282-F796D8069700}.Debug|x64.Build.0 = Debug|Any CPU
		{993B4258-2A22-4EED-A282-F796D8069700}.Debug|x86.ActiveCfg = Debug|Any CPU
		{993B4258-2A22-4EED-A282-F796D8069700}.Debug|x86.Build.0 = Debug|Any CPU
		{993B4258-2A22-4EED-A282-F796D8069700}.Release|Any CPU.ActiveCfg = Release|Any CPU
		{993B4258-2A22-4EED-A282-F796D8069700}.Release|Any CPU.Build.0 = Release|Any CPU
		{993B4258-2A22-4EED-A282-F796D8069700}.Release|x64.ActiveCfg = Release|Any CPU
		{993B4258-2A22-4EED-A282-F796D8069700}.Release|x64.Build.0 = Release|Any CPU
		{993B4258-2A22-4EED-A282-F796D8069700}.Release|x86.ActiveCfg = Release|Any CPU
		{993B4258-2A22-4EED-A282-F796D8069700}.Release|x86.Build.0 = Release|Any CPU
		{47DA9485-0C61-466B-A633-6EF231AFC869}.Debug|Any CPU.ActiveCfg = Debug|Any CPU
		{47DA9485-0C61-466B-A633-6EF231AFC869}.Debug|Any CPU.Build.0 = Debug|Any CPU
		{47DA9485-0C61-466B-A633-6EF231AFC869}.Debug|x64.ActiveCfg = Debug|Any CPU
		{47DA9485-0C61-466B-A633-6EF231AFC869}.Debug|x64.Build.0 = Debug|Any CPU
		{47DA9485-0C61-466B-A633-6EF231AFC869}.Debug|x86.ActiveCfg = Debug|Any CPU
		{47DA9485-0C61-466B-A633-6EF231AFC869}.Debug|x86.Build.0 = Debug|Any CPU
		{47DA9485-0C61-466B-A633-6EF231AFC869}.Release|Any CPU.ActiveCfg = Release|Any CPU
		{47DA9485-0C61-466B-A633-6EF231AFC869}.Release|Any CPU.Build.0 = Release|Any CPU
		{47DA9485-0C61-466B-A633-6EF231AFC869}.Release|x64.ActiveCfg = Release|Any CPU
		{47DA9485-0C61-466B-A633-6EF231AFC869}.Release|x64.Build.0 = Release|Any CPU
		{47DA9485-0C61-466B-A633-6EF231AFC869}.Release|x86.ActiveCfg = Release|Any CPU
		{47DA9485-0C61-466B-A633-6EF231AFC869}.Release|x86.Build.0 = Release|Any CPU
		{C621B133-0C4A-477A-8342-D767211A4ABE}.Debug|Any CPU.ActiveCfg = Debug|Any CPU
		{C621B133-0C4A-477A-8342-D767211A4ABE}.Debug|Any CPU.Build.0 = Debug|Any CPU
		{C621B133-0C4A-477A-8342-D767211A4ABE}.Debug|x64.ActiveCfg = Debug|Any CPU
		{C621B133-0C4A-477A-8342-D767211A4ABE}.Debug|x64.Build.0 = Debug|Any CPU
		{C621B133-0C4A-477A-8342-D767211A4ABE}.Debug|x86.ActiveCfg = Debug|Any CPU
		{C621B133-0C4A-477A-8342-D767211A4ABE}.Debug|x86.Build.0 = Debug|Any CPU
		{C621B133-0C4A-477A-8342-D767211A4ABE}.Release|Any CPU.ActiveCfg = Release|Any CPU
		{C621B133-0C4A-477A-8342-D767211A4ABE}.Release|Any CPU.Build.0 = Release|Any CPU
		{C621B133-0C4A-477A-8342-D767211A4ABE}.Release|x64.ActiveCfg = Release|Any CPU
		{C621B133-0C4A-477A-8342-D767211A4ABE}.Release|x64.Build.0 = Release|Any CPU
		{C621B133-0C4A-477A-8342-D767211A4ABE}.Release|x86.ActiveCfg = Release|Any CPU
		{C621B133-0C4A-477A-8342-D767211A4ABE}.Release|x86.Build.0 = Release|Any CPU
		{1ABF07AB-4852-42E0-A1C2-55FC4233A1C9}.Debug|Any CPU.ActiveCfg = Debug|Any CPU
		{1ABF07AB-4852-42E0-A1C2-55FC4233A1C9}.Debug|Any CPU.Build.0 = Debug|Any CPU
		{1ABF07AB-4852-42E0-A1C2-55FC4233A1C9}.Debug|x64.ActiveCfg = Debug|Any CPU
		{1ABF07AB-4852-42E0-A1C2-55FC4233A1C9}.Debug|x64.Build.0 = Debug|Any CPU
		{1ABF07AB-4852-42E0-A1C2-55FC4233A1C9}.Debug|x86.ActiveCfg = Debug|Any CPU
		{1ABF07AB-4852-42E0-A1C2-55FC4233A1C9}.Debug|x86.Build.0 = Debug|Any CPU
		{1ABF07AB-4852-42E0-A1C2-55FC4233A1C9}.Release|Any CPU.ActiveCfg = Release|Any CPU
		{1ABF07AB-4852-42E0-A1C2-55FC4233A1C9}.Release|Any CPU.Build.0 = Release|Any CPU
		{1ABF07AB-4852-42E0-A1C2-55FC4233A1C9}.Release|x64.ActiveCfg = Release|Any CPU
		{1ABF07AB-4852-42E0-A1C2-55FC4233A1C9}.Release|x64.Build.0 = Release|Any CPU
		{1ABF07AB-4852-42E0-A1C2-55FC4233A1C9}.Release|x86.ActiveCfg = Release|Any CPU
		{1ABF07AB-4852-42E0-A1C2-55FC4233A1C9}.Release|x86.Build.0 = Release|Any CPU
		{FE1D0318-B26F-4D9C-9457-0B1E65728C0A}.Debug|Any CPU.ActiveCfg = Debug|Any CPU
		{FE1D0318-B26F-4D9C-9457-0B1E65728C0A}.Debug|Any CPU.Build.0 = Debug|Any CPU
		{FE1D0318-B26F-4D9C-9457-0B1E65728C0A}.Debug|x64.ActiveCfg = Debug|Any CPU
		{FE1D0318-B26F-4D9C-9457-0B1E65728C0A}.Debug|x64.Build.0 = Debug|Any CPU
		{FE1D0318-B26F-4D9C-9457-0B1E65728C0A}.Debug|x86.ActiveCfg = Debug|Any CPU
		{FE1D0318-B26F-4D9C-9457-0B1E65728C0A}.Debug|x86.Build.0 = Debug|Any CPU
		{FE1D0318-B26F-4D9C-9457-0B1E65728C0A}.Release|Any CPU.ActiveCfg = Release|Any CPU
		{FE1D0318-B26F-4D9C-9457-0B1E65728C0A}.Release|Any CPU.Build.0 = Release|Any CPU
		{FE1D0318-B26F-4D9C-9457-0B1E65728C0A}.Release|x64.ActiveCfg = Release|Any CPU
		{FE1D0318-B26F-4D9C-9457-0B1E65728C0A}.Release|x64.Build.0 = Release|Any CPU
		{FE1D0318-B26F-4D9C-9457-0B1E65728C0A}.Release|x86.ActiveCfg = Release|Any CPU
		{FE1D0318-B26F-4D9C-9457-0B1E65728C0A}.Release|x86.Build.0 = Release|Any CPU
		{90215A11-10A4-4A77-9DC5-4E62A0B89D65}.Debug|Any CPU.ActiveCfg = Debug|Any CPU
		{90215A11-10A4-4A77-9DC5-4E62A0B89D65}.Debug|Any CPU.Build.0 = Debug|Any CPU
		{90215A11-10A4-4A77-9DC5-4E62A0B89D65}.Debug|x64.ActiveCfg = Debug|Any CPU
		{90215A11-10A4-4A77-9DC5-4E62A0B89D65}.Debug|x64.Build.0 = Debug|Any CPU
		{90215A11-10A4-4A77-9DC5-4E62A0B89D65}.Debug|x86.ActiveCfg = Debug|Any CPU
		{90215A11-10A4-4A77-9DC5-4E62A0B89D65}.Debug|x86.Build.0 = Debug|Any CPU
		{90215A11-10A4-4A77-9DC5-4E62A0B89D65}.Release|Any CPU.ActiveCfg = Release|Any CPU
		{90215A11-10A4-4A77-9DC5-4E62A0B89D65}.Release|Any CPU.Build.0 = Release|Any CPU
		{90215A11-10A4-4A77-9DC5-4E62A0B89D65}.Release|x64.ActiveCfg = Release|Any CPU
		{90215A11-10A4-4A77-9DC5-4E62A0B89D65}.Release|x64.Build.0 = Release|Any CPU
		{90215A11-10A4-4A77-9DC5-4E62A0B89D65}.Release|x86.ActiveCfg = Release|Any CPU
		{90215A11-10A4-4A77-9DC5-4E62A0B89D65}.Release|x86.Build.0 = Release|Any CPU
		{19BDE94E-075D-4177-A200-384426769F6B}.Debug|Any CPU.ActiveCfg = Debug|Any CPU
		{19BDE94E-075D-4177-A200-384426769F6B}.Debug|Any CPU.Build.0 = Debug|Any CPU
		{19BDE94E-075D-4177-A200-384426769F6B}.Debug|x64.ActiveCfg = Debug|Any CPU
		{19BDE94E-075D-4177-A200-384426769F6B}.Debug|x64.Build.0 = Debug|Any CPU
		{19BDE94E-075D-4177-A200-384426769F6B}.Debug|x86.ActiveCfg = Debug|Any CPU
		{19BDE94E-075D-4177-A200-384426769F6B}.Debug|x86.Build.0 = Debug|Any CPU
		{19BDE94E-075D-4177-A200-384426769F6B}.Release|Any CPU.ActiveCfg = Release|Any CPU
		{19BDE94E-075D-4177-A200-384426769F6B}.Release|Any CPU.Build.0 = Release|Any CPU
		{19BDE94E-075D-4177-A200-384426769F6B}.Release|x64.ActiveCfg = Release|Any CPU
		{19BDE94E-075D-4177-A200-384426769F6B}.Release|x64.Build.0 = Release|Any CPU
		{19BDE94E-075D-4177-A200-384426769F6B}.Release|x86.ActiveCfg = Release|Any CPU
		{19BDE94E-075D-4177-A200-384426769F6B}.Release|x86.Build.0 = Release|Any CPU
		{91991E0D-97BD-48FB-85F1-BCAE4F644344}.Debug|Any CPU.ActiveCfg = Debug|Any CPU
		{91991E0D-97BD-48FB-85F1-BCAE4F644344}.Debug|Any CPU.Build.0 = Debug|Any CPU
		{91991E0D-97BD-48FB-85F1-BCAE4F644344}.Debug|x64.ActiveCfg = Debug|Any CPU
		{91991E0D-97BD-48FB-85F1-BCAE4F644344}.Debug|x64.Build.0 = Debug|Any CPU
		{91991E0D-97BD-48FB-85F1-BCAE4F644344}.Debug|x86.ActiveCfg = Debug|Any CPU
		{91991E0D-97BD-48FB-85F1-BCAE4F644344}.Debug|x86.Build.0 = Debug|Any CPU
		{91991E0D-97BD-48FB-85F1-BCAE4F644344}.Release|Any CPU.ActiveCfg = Release|Any CPU
		{91991E0D-97BD-48FB-85F1-BCAE4F644344}.Release|Any CPU.Build.0 = Release|Any CPU
		{91991E0D-97BD-48FB-85F1-BCAE4F644344}.Release|x64.ActiveCfg = Release|Any CPU
		{91991E0D-97BD-48FB-85F1-BCAE4F644344}.Release|x64.Build.0 = Release|Any CPU
		{91991E0D-97BD-48FB-85F1-BCAE4F644344}.Release|x86.ActiveCfg = Release|Any CPU
		{91991E0D-97BD-48FB-85F1-BCAE4F644344}.Release|x86.Build.0 = Release|Any CPU
		{99BB57AF-5F4E-465F-8B9E-F4D533B9C7B8}.Debug|Any CPU.ActiveCfg = Debug|Any CPU
		{99BB57AF-5F4E-465F-8B9E-F4D533B9C7B8}.Debug|Any CPU.Build.0 = Debug|Any CPU
		{99BB57AF-5F4E-465F-8B9E-F4D533B9C7B8}.Debug|x64.ActiveCfg = Debug|Any CPU
		{99BB57AF-5F4E-465F-8B9E-F4D533B9C7B8}.Debug|x64.Build.0 = Debug|Any CPU
		{99BB57AF-5F4E-465F-8B9E-F4D533B9C7B8}.Debug|x86.ActiveCfg = Debug|Any CPU
		{99BB57AF-5F4E-465F-8B9E-F4D533B9C7B8}.Debug|x86.Build.0 = Debug|Any CPU
		{99BB57AF-5F4E-465F-8B9E-F4D533B9C7B8}.Release|Any CPU.ActiveCfg = Release|Any CPU
		{99BB57AF-5F4E-465F-8B9E-F4D533B9C7B8}.Release|Any CPU.Build.0 = Release|Any CPU
		{99BB57AF-5F4E-465F-8B9E-F4D533B9C7B8}.Release|x64.ActiveCfg = Release|Any CPU
		{99BB57AF-5F4E-465F-8B9E-F4D533B9C7B8}.Release|x64.Build.0 = Release|Any CPU
		{99BB57AF-5F4E-465F-8B9E-F4D533B9C7B8}.Release|x86.ActiveCfg = Release|Any CPU
		{99BB57AF-5F4E-465F-8B9E-F4D533B9C7B8}.Release|x86.Build.0 = Release|Any CPU
		{927A4646-AC60-4EFF-AA76-6E65384E50F3}.Debug|Any CPU.ActiveCfg = Debug|Any CPU
		{927A4646-AC60-4EFF-AA76-6E65384E50F3}.Debug|Any CPU.Build.0 = Debug|Any CPU
		{927A4646-AC60-4EFF-AA76-6E65384E50F3}.Debug|x64.ActiveCfg = Debug|Any CPU
		{927A4646-AC60-4EFF-AA76-6E65384E50F3}.Debug|x64.Build.0 = Debug|Any CPU
		{927A4646-AC60-4EFF-AA76-6E65384E50F3}.Debug|x86.ActiveCfg = Debug|Any CPU
		{927A4646-AC60-4EFF-AA76-6E65384E50F3}.Debug|x86.Build.0 = Debug|Any CPU
		{927A4646-AC60-4EFF-AA76-6E65384E50F3}.Release|Any CPU.ActiveCfg = Release|Any CPU
		{927A4646-AC60-4EFF-AA76-6E65384E50F3}.Release|Any CPU.Build.0 = Release|Any CPU
		{927A4646-AC60-4EFF-AA76-6E65384E50F3}.Release|x64.ActiveCfg = Release|Any CPU
		{927A4646-AC60-4EFF-AA76-6E65384E50F3}.Release|x64.Build.0 = Release|Any CPU
		{927A4646-AC60-4EFF-AA76-6E65384E50F3}.Release|x86.ActiveCfg = Release|Any CPU
		{927A4646-AC60-4EFF-AA76-6E65384E50F3}.Release|x86.Build.0 = Release|Any CPU
		{E492A802-92C7-4444-8553-E03E67210421}.Debug|Any CPU.ActiveCfg = Debug|Any CPU
		{E492A802-92C7-4444-8553-E03E67210421}.Debug|Any CPU.Build.0 = Debug|Any CPU
		{E492A802-92C7-4444-8553-E03E67210421}.Debug|x64.ActiveCfg = Debug|Any CPU
		{E492A802-92C7-4444-8553-E03E67210421}.Debug|x64.Build.0 = Debug|Any CPU
		{E492A802-92C7-4444-8553-E03E67210421}.Debug|x86.ActiveCfg = Debug|Any CPU
		{E492A802-92C7-4444-8553-E03E67210421}.Debug|x86.Build.0 = Debug|Any CPU
		{E492A802-92C7-4444-8553-E03E67210421}.Release|Any CPU.ActiveCfg = Release|Any CPU
		{E492A802-92C7-4444-8553-E03E67210421}.Release|Any CPU.Build.0 = Release|Any CPU
		{E492A802-92C7-4444-8553-E03E67210421}.Release|x64.ActiveCfg = Release|Any CPU
		{E492A802-92C7-4444-8553-E03E67210421}.Release|x64.Build.0 = Release|Any CPU
		{E492A802-92C7-4444-8553-E03E67210421}.Release|x86.ActiveCfg = Release|Any CPU
		{E492A802-92C7-4444-8553-E03E67210421}.Release|x86.Build.0 = Release|Any CPU
		{C76B255B-AF6E-4619-89E1-73106232AAE3}.Debug|Any CPU.ActiveCfg = Debug|Any CPU
		{C76B255B-AF6E-4619-89E1-73106232AAE3}.Debug|Any CPU.Build.0 = Debug|Any CPU
		{C76B255B-AF6E-4619-89E1-73106232AAE3}.Debug|x64.ActiveCfg = Debug|Any CPU
		{C76B255B-AF6E-4619-89E1-73106232AAE3}.Debug|x64.Build.0 = Debug|Any CPU
		{C76B255B-AF6E-4619-89E1-73106232AAE3}.Debug|x86.ActiveCfg = Debug|Any CPU
		{C76B255B-AF6E-4619-89E1-73106232AAE3}.Debug|x86.Build.0 = Debug|Any CPU
		{C76B255B-AF6E-4619-89E1-73106232AAE3}.Release|Any CPU.ActiveCfg = Release|Any CPU
		{C76B255B-AF6E-4619-89E1-73106232AAE3}.Release|Any CPU.Build.0 = Release|Any CPU
		{C76B255B-AF6E-4619-89E1-73106232AAE3}.Release|x64.ActiveCfg = Release|Any CPU
		{C76B255B-AF6E-4619-89E1-73106232AAE3}.Release|x64.Build.0 = Release|Any CPU
		{C76B255B-AF6E-4619-89E1-73106232AAE3}.Release|x86.ActiveCfg = Release|Any CPU
		{C76B255B-AF6E-4619-89E1-73106232AAE3}.Release|x86.Build.0 = Release|Any CPU
		{71D2CCF3-9C92-482F-AB1A-8CCD7831C046}.Debug|Any CPU.ActiveCfg = Debug|Any CPU
		{71D2CCF3-9C92-482F-AB1A-8CCD7831C046}.Debug|Any CPU.Build.0 = Debug|Any CPU
		{71D2CCF3-9C92-482F-AB1A-8CCD7831C046}.Debug|x64.ActiveCfg = Debug|Any CPU
		{71D2CCF3-9C92-482F-AB1A-8CCD7831C046}.Debug|x64.Build.0 = Debug|Any CPU
		{71D2CCF3-9C92-482F-AB1A-8CCD7831C046}.Debug|x86.ActiveCfg = Debug|Any CPU
		{71D2CCF3-9C92-482F-AB1A-8CCD7831C046}.Debug|x86.Build.0 = Debug|Any CPU
		{71D2CCF3-9C92-482F-AB1A-8CCD7831C046}.Release|Any CPU.ActiveCfg = Release|Any CPU
		{71D2CCF3-9C92-482F-AB1A-8CCD7831C046}.Release|Any CPU.Build.0 = Release|Any CPU
		{71D2CCF3-9C92-482F-AB1A-8CCD7831C046}.Release|x64.ActiveCfg = Release|Any CPU
		{71D2CCF3-9C92-482F-AB1A-8CCD7831C046}.Release|x64.Build.0 = Release|Any CPU
		{71D2CCF3-9C92-482F-AB1A-8CCD7831C046}.Release|x86.ActiveCfg = Release|Any CPU
		{71D2CCF3-9C92-482F-AB1A-8CCD7831C046}.Release|x86.Build.0 = Release|Any CPU
		{AF399FDE-BF21-4635-BA13-C855E7A6BE9D}.Debug|Any CPU.ActiveCfg = Debug|Any CPU
		{AF399FDE-BF21-4635-BA13-C855E7A6BE9D}.Debug|Any CPU.Build.0 = Debug|Any CPU
		{AF399FDE-BF21-4635-BA13-C855E7A6BE9D}.Debug|x64.ActiveCfg = Debug|Any CPU
		{AF399FDE-BF21-4635-BA13-C855E7A6BE9D}.Debug|x64.Build.0 = Debug|Any CPU
		{AF399FDE-BF21-4635-BA13-C855E7A6BE9D}.Debug|x86.ActiveCfg = Debug|Any CPU
		{AF399FDE-BF21-4635-BA13-C855E7A6BE9D}.Debug|x86.Build.0 = Debug|Any CPU
		{AF399FDE-BF21-4635-BA13-C855E7A6BE9D}.Release|Any CPU.ActiveCfg = Release|Any CPU
		{AF399FDE-BF21-4635-BA13-C855E7A6BE9D}.Release|Any CPU.Build.0 = Release|Any CPU
		{AF399FDE-BF21-4635-BA13-C855E7A6BE9D}.Release|x64.ActiveCfg = Release|Any CPU
		{AF399FDE-BF21-4635-BA13-C855E7A6BE9D}.Release|x64.Build.0 = Release|Any CPU
		{AF399FDE-BF21-4635-BA13-C855E7A6BE9D}.Release|x86.ActiveCfg = Release|Any CPU
		{AF399FDE-BF21-4635-BA13-C855E7A6BE9D}.Release|x86.Build.0 = Release|Any CPU
		{35328EE8-02D7-4FCF-9EFC-13ACF8D0C9E1}.Debug|Any CPU.ActiveCfg = Debug|Any CPU
		{35328EE8-02D7-4FCF-9EFC-13ACF8D0C9E1}.Debug|Any CPU.Build.0 = Debug|Any CPU
		{35328EE8-02D7-4FCF-9EFC-13ACF8D0C9E1}.Debug|x64.ActiveCfg = Debug|Any CPU
		{35328EE8-02D7-4FCF-9EFC-13ACF8D0C9E1}.Debug|x64.Build.0 = Debug|Any CPU
		{35328EE8-02D7-4FCF-9EFC-13ACF8D0C9E1}.Debug|x86.ActiveCfg = Debug|Any CPU
		{35328EE8-02D7-4FCF-9EFC-13ACF8D0C9E1}.Debug|x86.Build.0 = Debug|Any CPU
		{35328EE8-02D7-4FCF-9EFC-13ACF8D0C9E1}.Release|Any CPU.ActiveCfg = Release|Any CPU
		{35328EE8-02D7-4FCF-9EFC-13ACF8D0C9E1}.Release|Any CPU.Build.0 = Release|Any CPU
		{35328EE8-02D7-4FCF-9EFC-13ACF8D0C9E1}.Release|x64.ActiveCfg = Release|Any CPU
		{35328EE8-02D7-4FCF-9EFC-13ACF8D0C9E1}.Release|x64.Build.0 = Release|Any CPU
		{35328EE8-02D7-4FCF-9EFC-13ACF8D0C9E1}.Release|x86.ActiveCfg = Release|Any CPU
		{35328EE8-02D7-4FCF-9EFC-13ACF8D0C9E1}.Release|x86.Build.0 = Release|Any CPU
		{D2716A6D-2532-4A75-832E-E4D91397B74A}.Debug|Any CPU.ActiveCfg = Debug|Any CPU
		{D2716A6D-2532-4A75-832E-E4D91397B74A}.Debug|Any CPU.Build.0 = Debug|Any CPU
		{D2716A6D-2532-4A75-832E-E4D91397B74A}.Debug|x64.ActiveCfg = Debug|Any CPU
		{D2716A6D-2532-4A75-832E-E4D91397B74A}.Debug|x64.Build.0 = Debug|Any CPU
		{D2716A6D-2532-4A75-832E-E4D91397B74A}.Debug|x86.ActiveCfg = Debug|Any CPU
		{D2716A6D-2532-4A75-832E-E4D91397B74A}.Debug|x86.Build.0 = Debug|Any CPU
		{D2716A6D-2532-4A75-832E-E4D91397B74A}.Release|Any CPU.ActiveCfg = Release|Any CPU
		{D2716A6D-2532-4A75-832E-E4D91397B74A}.Release|Any CPU.Build.0 = Release|Any CPU
		{D2716A6D-2532-4A75-832E-E4D91397B74A}.Release|x64.ActiveCfg = Release|Any CPU
		{D2716A6D-2532-4A75-832E-E4D91397B74A}.Release|x64.Build.0 = Release|Any CPU
		{D2716A6D-2532-4A75-832E-E4D91397B74A}.Release|x86.ActiveCfg = Release|Any CPU
		{D2716A6D-2532-4A75-832E-E4D91397B74A}.Release|x86.Build.0 = Release|Any CPU
	EndGlobalSection
	GlobalSection(SolutionProperties) = preSolution
		HideSolutionNode = FALSE
	EndGlobalSection
	GlobalSection(NestedProjects) = preSolution
		{90298CBA-BD6F-3A0A-69D5-97CAD7B05E7E} = {827E0CD3-B72D-47B6-A68D-7590B98EB39B}
		{56931C44-DAD9-4BFE-AA3B-0EA80427DE5C} = {90298CBA-BD6F-3A0A-69D5-97CAD7B05E7E}
		{CFDC1268-E3B9-46BF-991F-1A8E5840B584} = {90298CBA-BD6F-3A0A-69D5-97CAD7B05E7E}
		{1CD8F865-A56E-47A4-9FA8-2D46589B8BB0} = {90298CBA-BD6F-3A0A-69D5-97CAD7B05E7E}
		{7286F77F-B791-4C3D-B2F0-15437E5F47E1} = {90298CBA-BD6F-3A0A-69D5-97CAD7B05E7E}
		{1F2AC9F0-65DD-4F8A-B50C-5127F1B402EE} = {90298CBA-BD6F-3A0A-69D5-97CAD7B05E7E}
		{EC447DCF-ABFA-6E24-52A5-D7FD48A5C558} = {827E0CD3-B72D-47B6-A68D-7590B98EB39B}
		{AA49E554-91EA-658E-4EA9-C6E381805164} = {EC447DCF-ABFA-6E24-52A5-D7FD48A5C558}
		{C464D3D8-9816-4DE3-9727-C83ABDEE2F49} = {AA49E554-91EA-658E-4EA9-C6E381805164}
		{EEDC2E7D-371A-436F-BC84-245BC8F04642} = {AA49E554-91EA-658E-4EA9-C6E381805164}
		{81011C07-5191-4417-8A97-71F1EEA0906C} = {AA49E554-91EA-658E-4EA9-C6E381805164}
		{025982E3-27A7-4BEC-A8A0-3831F8FB10FE} = {AA49E554-91EA-658E-4EA9-C6E381805164}
		{0EC62A1A-9858-3A60-8A0C-FC9AACFA2EC7} = {EC447DCF-ABFA-6E24-52A5-D7FD48A5C558}
		{BB2DD5E0-DE89-4486-8DA8-3B7D26965315} = {0EC62A1A-9858-3A60-8A0C-FC9AACFA2EC7}
		{78D5F590-9F1D-4727-AADC-B7D67BE0A4A2} = {0EC62A1A-9858-3A60-8A0C-FC9AACFA2EC7}
		{BC8C3432-E96D-4F2F-94AA-877025F0CD9A} = {0EC62A1A-9858-3A60-8A0C-FC9AACFA2EC7}
		{853A7D5D-4F13-4B10-BE9F-8A954E4C947F} = {0EC62A1A-9858-3A60-8A0C-FC9AACFA2EC7}
		{3E232278-2C21-27AC-8432-AC8D784DE40B} = {EC447DCF-ABFA-6E24-52A5-D7FD48A5C558}
		{38BAAF66-3F26-469D-B4DF-0033160BD4FC} = {3E232278-2C21-27AC-8432-AC8D784DE40B}
		{3E90567C-31E0-4E3A-B819-F4CB74DAE9E0} = {3E232278-2C21-27AC-8432-AC8D784DE40B}
		{E0B8A711-2DBD-49BA-9883-0B5166ADB665} = {3E232278-2C21-27AC-8432-AC8D784DE40B}
		{AE6F8B52-C393-4CF4-A9A4-9D7FC5F6F5F1} = {3E232278-2C21-27AC-8432-AC8D784DE40B}
		{DE9DAF8A-E684-0FD3-FFDC-40D3E3158533} = {EC447DCF-ABFA-6E24-52A5-D7FD48A5C558}
		{C42A2014-0123-4E6A-A25C-5D862D3A322F} = {DE9DAF8A-E684-0FD3-FFDC-40D3E3158533}
		{1AB21A73-319A-4706-9F27-404577A45AD0} = {DE9DAF8A-E684-0FD3-FFDC-40D3E3158533}
		{65ADB02C-3A32-41FE-BA80-F9AE54FBC169} = {DE9DAF8A-E684-0FD3-FFDC-40D3E3158533}
		{773B4B00-3FEF-4123-BADD-ACC4CD76ADBF} = {DE9DAF8A-E684-0FD3-FFDC-40D3E3158533}
		{0E5A29DE-EE7A-B929-D5D8-F717C0208369} = {EC447DCF-ABFA-6E24-52A5-D7FD48A5C558}
		{DE9D225B-F8A6-4D0C-830C-92300A3EB052} = {0E5A29DE-EE7A-B929-D5D8-F717C0208369}
		{993B4258-2A22-4EED-A282-F796D8069700} = {0E5A29DE-EE7A-B929-D5D8-F717C0208369}
		{47DA9485-0C61-466B-A633-6EF231AFC869} = {0E5A29DE-EE7A-B929-D5D8-F717C0208369}
		{C621B133-0C4A-477A-8342-D767211A4ABE} = {0E5A29DE-EE7A-B929-D5D8-F717C0208369}
		{738763F7-68AC-12DE-A386-1ED9BDE12CF2} = {EC447DCF-ABFA-6E24-52A5-D7FD48A5C558}
		{1ABF07AB-4852-42E0-A1C2-55FC4233A1C9} = {738763F7-68AC-12DE-A386-1ED9BDE12CF2}
		{FE1D0318-B26F-4D9C-9457-0B1E65728C0A} = {738763F7-68AC-12DE-A386-1ED9BDE12CF2}
		{F0F0C51C-F6A5-8ED5-E07B-23BB77F4B418} = {EC447DCF-ABFA-6E24-52A5-D7FD48A5C558}
		{90215A11-10A4-4A77-9DC5-4E62A0B89D65} = {F0F0C51C-F6A5-8ED5-E07B-23BB77F4B418}
		{19BDE94E-075D-4177-A200-384426769F6B} = {F0F0C51C-F6A5-8ED5-E07B-23BB77F4B418}
		{91991E0D-97BD-48FB-85F1-BCAE4F644344} = {F0F0C51C-F6A5-8ED5-E07B-23BB77F4B418}
		{99BB57AF-5F4E-465F-8B9E-F4D533B9C7B8} = {F0F0C51C-F6A5-8ED5-E07B-23BB77F4B418}
		{927A4646-AC60-4EFF-AA76-6E65384E50F3} = {827E0CD3-B72D-47B6-A68D-7590B98EB39B}
		{E492A802-92C7-4444-8553-E03E67210421} = {827E0CD3-B72D-47B6-A68D-7590B98EB39B}
		{C76B255B-AF6E-4619-89E1-73106232AAE3} = {0AB3BF05-4346-4AA6-1389-037BE0695223}
		{71D2CCF3-9C92-482F-AB1A-8CCD7831C046} = {0AB3BF05-4346-4AA6-1389-037BE0695223}
		{AF399FDE-BF21-4635-BA13-C855E7A6BE9D} = {0AB3BF05-4346-4AA6-1389-037BE0695223}
		{35328EE8-02D7-4FCF-9EFC-13ACF8D0C9E1} = {0AB3BF05-4346-4AA6-1389-037BE0695223}
		{D2716A6D-2532-4A75-832E-E4D91397B74A} = {0AB3BF05-4346-4AA6-1389-037BE0695223}
	EndGlobalSection
EndGlobal
